{
  "name": "sony-tv-control",
  "version": "1.0.0",
  "lockfileVersion": 2,
  "requires": true,
  "packages": {
    "": {
      "name": "sony-tv-control",
      "version": "1.0.0",
      "license": "ISC",
      "dependencies": {
        "node-bravia-ip-control-simple": "^0.0.1",
        "node-dns-sd": "^0.4.2"
      }
    },
    "node_modules/node-bravia-ip-control-simple": {
      "version": "0.0.1",
      "resolved": "https://registry.npmjs.org/node-bravia-ip-control-simple/-/node-bravia-ip-control-simple-0.0.1.tgz",
      "integrity": "sha512-r+ZKx1SNg5CztqGIyn43Tg/dtFq7poKzB1jC1dqE/nw58CyCkQB3vqf4QQxcsKVTZUG6lilWaP8656iTTO3Reg==",
      "dependencies": {
        "node-dns-sd": ">=0.4.0"
      }
    },
    "node_modules/node-dns-sd": {
      "version": "0.4.2",
      "resolved": "https://registry.npmjs.org/node-dns-sd/-/node-dns-sd-0.4.2.tgz",
      "integrity": "sha512-fZvDqy19zyaiSXajmRjwue1VWLrJcy8bTV/LJVtAx8DeEFVlXRBMyZknW+q6CEfiW8Y4MQDDKh9x5wF32BHAHQ=="
    }
  },
  "dependencies": {
    "node-bravia-ip-control-simple": {
      "version": "0.0.1",
      "resolved": "https://registry.npmjs.org/node-bravia-ip-control-simple/-/node-bravia-ip-control-simple-0.0.1.tgz",
      "integrity": "sha512-r+ZKx1SNg5CztqGIyn43Tg/dtFq7poKzB1jC1dqE/nw58CyCkQB3vqf4QQxcsKVTZUG6lilWaP8656iTTO3Reg==",
      "requires": {
        "node-dns-sd": ">=0.4.0"
      }
    },
    "node-dns-sd": {
      "version": "0.4.2",
      "resolved": "https://registry.npmjs.org/node-dns-sd/-/node-dns-sd-0.4.2.tgz",
      "integrity": "sha512-fZvDqy19zyaiSXajmRjwue1VWLrJcy8bTV/LJVtAx8DeEFVlXRBMyZknW+q6CEfiW8Y4MQDDKh9x5wF32BHAHQ=="
    }
  }
}
